github.com/davecgh/go-spew v1.1.0 h1:ZDRjVQ15GmhC3fiQ8ni8+OwkZQO4DARzQgrnXU1Liz8=
github.com/davecgh/go-spew v1.1.0/go.mod h1:J7Y8YcW2NihsgmVo/mv3lAwl/skON4iLHjSsI+c5H38=
github.com/esilva-everbridge/dig v0.0.0-20191002174514-59878acc76df h1:TmdZnI/e2Z2slTr5qm8dgLcxlvPBECO/BDc5jYhnD88=
github.com/esilva-everbridge/dig v0.0.0-20191002174514-59878acc76df/go.mod h1:OMXU/rXLXSECs3W8tRBOqqNtOTqsb2nl0/a4422svMU=
github.com/esilva-everbridge/to v0.0.0-20141221203644-c20e083e3123/go.mod h1:P9AQHIs4EM0j8ei5+S0IqjnFcEueux2OM7VTN2BDu3A=
github.com/esilva-everbridge/to v0.0.0-20191018182308-7b43ee97845e h1:1UUnD+0Ujd0PI1Q8ezps1T6fUrAzfgjzruHkuMERDNQ=
github.com/esilva-everbridge/to v0.0.0-20191018182308-7b43ee97845e/go.mod h1:Y5/mEKG4GorGCkG0FP75DFJ+aAr1nar5nk7mCljowtw=
github.com/esilva-everbridge/yaml v0.0.0-20191018193613-f05de9cc556d h1:uaDXDu0rSkBDG8miIRoCWZDbUhCUCcL3O+wTjbTNoUs=
github.com/esilva-everbridge/yaml v0.0.0-20191018193613-f05de9cc556d/go.mod h1:1Hj0R6BkG0B7FwogV5sOR7OChfTwRbGXg4byFTm7GdM=
github.com/pioz/tvdb v0.0.0-20190503215423-f45c687faba9 h1:bduYa9c0qpYfrxuAnursm8RfmeGsdgQeB3NeW4N0zQ8=
github.com/pioz/tvdb v0.0.0-20190503215423-f45c687faba9/go.mod h1:nhHRTrbEzdp4lXtiozX4Yuvo4AHi29nOvM1J7H/XJMM=
github.com/pmezard/go-difflib v1.0.0 h1:4DBwDE0NGyQoBHbLQYPwSUPoCMWR5BEzIk/f1lZbAQM=
github.com/pmezard/go-difflib v1.0.0/go.mod h1:iKH77koFhYxTK1pcRnkKkqfTogsbg7gZNVY4sRDYZ/4=
github.com/stretchr/objx v0.1.0/go.mod h1:HFkY916IF+rwdDfMAkV7OtwuqBVzrE8GR6GFx+wExME=
github.com/stretchr/testify v1.4.0 h1:2E4SXV/wtOkTonXsotYi4li6zVWxYlZuYNCXe9XRJyk=
github.com/stretchr/testify v1.4.0/go.mod h1:j7eGeouHqKxXV5pUuKE4zz7dFj8WfuZ+81PSLYec5m4=
gopkg.in/check.v1 v0.0.0-20161208181325-20d25e280405 h1:yhCVgyC4o1eVCa2tZl7eS0r+SDo693bJlVdllGtEeKM=
gopkg.in/check.v1 v0.0.0-20161208181325-20d25e280405/go.mod h1:Co6ibVJAznAaIkqp8huTwlJQCZ016jof/cbN4VW5Yz0=
gopkg.in/yaml.v2 v2.2.2/go.mod h1:hI93XBmqTisBFMUTm0b8Fm+jr3Dg1NNxqwp+5A1VGuI=
gopkg.in/yaml.v2 v2.2.4 h1:/eiJrUcujPVeJ3xlSWaiNi3uSVmDGBK1pDHUHAnao1I=
gopkg.in/yaml.v2 v2.2.4/go.mod h1:hI93XBmqTisBFMUTm0b8Fm+jr3Dg1NNxqwp+5A1VGuI=
gopkg.in/yaml.v3 v3.0.0-20191010095647-fc94e3f71652 h1:VKvJ/mQ4BgCjZUDggYFxTe0qv9jPMHsZPD4Xt91Y5H4=
gopkg.in/yaml.v3 v3.0.0-20191010095647-fc94e3f71652/go.mod h1:K4uyk7z7BCEPqu6E+C64Yfv1cQ7kz7rIZviUmN+EgEM=
